// !$*UTF8*$!
{
	archiveVersion = 1;
	classes = {
	};
	objectVersion = 50;
	objects = {

/* Begin PBXBuildFile section */
		C961E2508BC5D5F7C9207E52 /* Pods_InterGrupo_TestTests.framework in Frameworks */ = {isa = PBXBuildFile; fileRef = 2CCFA2B6217B8988F2DD41DF /* Pods_InterGrupo_TestTests.framework */; };
		D116FD4E208CEEA9005A5578 /* MenuItem.swift in Sources */ = {isa = PBXBuildFile; fileRef = D116FD4D208CEEA9005A5578 /* MenuItem.swift */; };
		D116FD51208CEEBE005A5578 /* LeftMenuVC.swift in Sources */ = {isa = PBXBuildFile; fileRef = D116FD50208CEEBE005A5578 /* LeftMenuVC.swift */; };
		D116FD53208CEEC7005A5578 /* DrawerVisualStateManager.swift in Sources */ = {isa = PBXBuildFile; fileRef = D116FD52208CEEC7005A5578 /* DrawerVisualStateManager.swift */; };
		D116FD56208CF2EB005A5578 /* LeftMenuTableViewCell.swift in Sources */ = {isa = PBXBuildFile; fileRef = D116FD55208CF2EB005A5578 /* LeftMenuTableViewCell.swift */; };
		D116FD58208CF56D005A5578 /* BaseCenterVC.swift in Sources */ = {isa = PBXBuildFile; fileRef = D116FD57208CF56D005A5578 /* BaseCenterVC.swift */; };
		D18794B4208BD2A600450AAE /* AppDelegate.swift in Sources */ = {isa = PBXBuildFile; fileRef = D18794B3208BD2A600450AAE /* AppDelegate.swift */; };
		D18794B9208BD2A700450AAE /* Login.storyboard in Resources */ = {isa = PBXBuildFile; fileRef = D18794B7208BD2A700450AAE /* Login.storyboard */; };
		D18794BC208BD2A700450AAE /* InterGrupo_Test.xcdatamodeld in Sources */ = {isa = PBXBuildFile; fileRef = D18794BA208BD2A700450AAE /* InterGrupo_Test.xcdatamodeld */; };
		D18794BE208BD2A800450AAE /* Assets.xcassets in Resources */ = {isa = PBXBuildFile; fileRef = D18794BD208BD2A800450AAE /* Assets.xcassets */; };
		D18794C1208BD2A800450AAE /* LaunchScreen.storyboard in Resources */ = {isa = PBXBuildFile; fileRef = D18794BF208BD2A800450AAE /* LaunchScreen.storyboard */; };
		D18794CC208BD2A800450AAE /* InterGrupo_TestTests.swift in Sources */ = {isa = PBXBuildFile; fileRef = D18794CB208BD2A800450AAE /* InterGrupo_TestTests.swift */; };
		D18794D7208BD2A800450AAE /* InterGrupo_TestUITests.swift in Sources */ = {isa = PBXBuildFile; fileRef = D18794D6208BD2A800450AAE /* InterGrupo_TestUITests.swift */; };
		D1FF67D7208BD6D800BDCEDC /* Constants.swift in Sources */ = {isa = PBXBuildFile; fileRef = D1FF67D6208BD6D800BDCEDC /* Constants.swift */; };
		D1FF67D9208BD74600BDCEDC /* WSLogin.swift in Sources */ = {isa = PBXBuildFile; fileRef = D1FF67D8208BD74600BDCEDC /* WSLogin.swift */; };
		D1FF67DC208BDA9700BDCEDC /* LoginVC.swift in Sources */ = {isa = PBXBuildFile; fileRef = D1FF67DB208BDA9700BDCEDC /* LoginVC.swift */; };
		D1FF67DF208BDACF00BDCEDC /* LoginPresenter.swift in Sources */ = {isa = PBXBuildFile; fileRef = D1FF67DE208BDACF00BDCEDC /* LoginPresenter.swift */; };
		D1FF67E2208BDBFA00BDCEDC /* User.swift in Sources */ = {isa = PBXBuildFile; fileRef = D1FF67E1208BDBFA00BDCEDC /* User.swift */; };
		D1FF67E4208BFA5300BDCEDC /* UserManagement.swift in Sources */ = {isa = PBXBuildFile; fileRef = D1FF67E3208BFA5300BDCEDC /* UserManagement.swift */; };
		D1FF67E7208C063800BDCEDC /* Prospect.storyboard in Resources */ = {isa = PBXBuildFile; fileRef = D1FF67E6208C063800BDCEDC /* Prospect.storyboard */; };
		D1FF67E9208C078000BDCEDC /* ListProspectVC.swift in Sources */ = {isa = PBXBuildFile; fileRef = D1FF67E8208C078000BDCEDC /* ListProspectVC.swift */; };
		D1FF67EC208C09FB00BDCEDC /* CoreDataManager.swift in Sources */ = {isa = PBXBuildFile; fileRef = D1FF67EB208C09FB00BDCEDC /* CoreDataManager.swift */; };
		D1FF67EE208C0B3900BDCEDC /* WSProspect.swift in Sources */ = {isa = PBXBuildFile; fileRef = D1FF67ED208C0B3900BDCEDC /* WSProspect.swift */; };
		D1FF67F0208C0D8000BDCEDC /* PropectPresenter.swift in Sources */ = {isa = PBXBuildFile; fileRef = D1FF67EF208C0D8000BDCEDC /* PropectPresenter.swift */; };
		D1FF6810208C31C500BDCEDC /* ProspectTableViewCell.swift in Sources */ = {isa = PBXBuildFile; fileRef = D1FF680E208C31C500BDCEDC /* ProspectTableViewCell.swift */; };
		D1FF6811208C31C500BDCEDC /* ProspectTableViewCell.xib in Resources */ = {isa = PBXBuildFile; fileRef = D1FF680F208C31C500BDCEDC /* ProspectTableViewCell.xib */; };
		E614B8E8176CEA824F57B539 /* Pods_InterGrupo_Test.framework in Frameworks */ = {isa = PBXBuildFile; fileRef = 4F08DDC00AD3313067058518 /* Pods_InterGrupo_Test.framework */; };
		E8C578E8C52B2C0240EE7DF0 /* Pods_InterGrupo_TestUITests.framework in Frameworks */ = {isa = PBXBuildFile; fileRef = F0E2D0443901123D38CC413B /* Pods_InterGrupo_TestUITests.framework */; };
/* End PBXBuildFile section */

/* Begin PBXContainerItemProxy section */
		D18794C8208BD2A800450AAE /* PBXContainerItemProxy */ = {
			isa = PBXContainerItemProxy;
			containerPortal = D18794A8208BD2A600450AAE /* Project object */;
			proxyType = 1;
			remoteGlobalIDString = D18794AF208BD2A600450AAE;
			remoteInfo = "InterGrupo-Test";
		};
		D18794D3208BD2A800450AAE /* PBXContainerItemProxy */ = {
			isa = PBXContainerItemProxy;
			containerPortal = D18794A8208BD2A600450AAE /* Project object */;
			proxyType = 1;
			remoteGlobalIDString = D18794AF208BD2A600450AAE;
			remoteInfo = "InterGrupo-Test";
		};
/* End PBXContainerItemProxy section */

/* Begin PBXFileReference section */
		0D0910D9F7852137640E9C34 /* Pods-InterGrupo-TestTests.debug.xcconfig */ = {isa = PBXFileReference; includeInIndex = 1; lastKnownFileType = text.xcconfig; name = "Pods-InterGrupo-TestTests.debug.xcconfig"; path = "Pods/Target Support Files/Pods-InterGrupo-TestTests/Pods-InterGrupo-TestTests.debug.xcconfig"; sourceTree = "<group>"; };
		12B9A6793C322B40CECFCDF9 /* Pods-InterGrupo-Test.debug.xcconfig */ = {isa = PBXFileReference; includeInIndex = 1; lastKnownFileType = text.xcconfig; name = "Pods-InterGrupo-Test.debug.xcconfig"; path = "Pods/Target Support Files/Pods-InterGrupo-Test/Pods-InterGrupo-Test.debug.xcconfig"; sourceTree = "<group>"; };
		2CCFA2B6217B8988F2DD41DF /* Pods_InterGrupo_TestTests.framework */ = {isa = PBXFileReference; explicitFileType = wrapper.framework; includeInIndex = 0; path = Pods_InterGrupo_TestTests.framework; sourceTree = BUILT_PRODUCTS_DIR; };
		454AD4490A54A6968BE3354F /* Pods-InterGrupo-TestTests.release.xcconfig */ = {isa = PBXFileReference; includeInIndex = 1; lastKnownFileType = text.xcconfig; name = "Pods-InterGrupo-TestTests.release.xcconfig"; path = "Pods/Target Support Files/Pods-InterGrupo-TestTests/Pods-InterGrupo-TestTests.release.xcconfig"; sourceTree = "<group>"; };
		4F08DDC00AD3313067058518 /* Pods_InterGrupo_Test.framework */ = {isa = PBXFileReference; explicitFileType = wrapper.framework; includeInIndex = 0; path = Pods_InterGrupo_Test.framework; sourceTree = BUILT_PRODUCTS_DIR; };
		4F2315044FB3BA5B9B79436E /* Pods-InterGrupo-TestUITests.debug.xcconfig */ = {isa = PBXFileReference; includeInIndex = 1; lastKnownFileType = text.xcconfig; name = "Pods-InterGrupo-TestUITests.debug.xcconfig"; path = "Pods/Target Support Files/Pods-InterGrupo-TestUITests/Pods-InterGrupo-TestUITests.debug.xcconfig"; sourceTree = "<group>"; };
		5724FBC727499D74E56311DC /* Pods-InterGrupo-TestUITests.release.xcconfig */ = {isa = PBXFileReference; includeInIndex = 1; lastKnownFileType = text.xcconfig; name = "Pods-InterGrupo-TestUITests.release.xcconfig"; path = "Pods/Target Support Files/Pods-InterGrupo-TestUITests/Pods-InterGrupo-TestUITests.release.xcconfig"; sourceTree = "<group>"; };
		D116FD4D208CEEA9005A5578 /* MenuItem.swift */ = {isa = PBXFileReference; fileEncoding = 4; lastKnownFileType = sourcecode.swift; path = MenuItem.swift; sourceTree = "<group>"; };
		D116FD50208CEEBE005A5578 /* LeftMenuVC.swift */ = {isa = PBXFileReference; fileEncoding = 4; lastKnownFileType = sourcecode.swift; path = LeftMenuVC.swift; sourceTree = "<group>"; };
		D116FD52208CEEC7005A5578 /* DrawerVisualStateManager.swift */ = {isa = PBXFileReference; fileEncoding = 4; lastKnownFileType = sourcecode.swift; path = DrawerVisualStateManager.swift; sourceTree = "<group>"; };
		D116FD55208CF2EB005A5578 /* LeftMenuTableViewCell.swift */ = {isa = PBXFileReference; lastKnownFileType = sourcecode.swift; path = LeftMenuTableViewCell.swift; sourceTree = "<group>"; };
		D116FD57208CF56D005A5578 /* BaseCenterVC.swift */ = {isa = PBXFileReference; fileEncoding = 4; lastKnownFileType = sourcecode.swift; path = BaseCenterVC.swift; sourceTree = "<group>"; };
		D18794B0208BD2A600450AAE /* InterGrupo-Test.app */ = {isa = PBXFileReference; explicitFileType = wrapper.application; includeInIndex = 0; path = "InterGrupo-Test.app"; sourceTree = BUILT_PRODUCTS_DIR; };
		D18794B3208BD2A600450AAE /* AppDelegate.swift */ = {isa = PBXFileReference; lastKnownFileType = sourcecode.swift; path = AppDelegate.swift; sourceTree = "<group>"; };
		D18794B8208BD2A700450AAE /* Base */ = {isa = PBXFileReference; lastKnownFileType = file.storyboard; name = Base; path = Base.lproj/Login.storyboard; sourceTree = "<group>"; };
		D18794BB208BD2A700450AAE /* InterGrupo_Test.xcdatamodel */ = {isa = PBXFileReference; lastKnownFileType = wrapper.xcdatamodel; path = InterGrupo_Test.xcdatamodel; sourceTree = "<group>"; };
		D18794BD208BD2A800450AAE /* Assets.xcassets */ = {isa = PBXFileReference; lastKnownFileType = folder.assetcatalog; path = Assets.xcassets; sourceTree = "<group>"; };
		D18794C0208BD2A800450AAE /* Base */ = {isa = PBXFileReference; lastKnownFileType = file.storyboard; name = Base; path = Base.lproj/LaunchScreen.storyboard; sourceTree = "<group>"; };
		D18794C2208BD2A800450AAE /* Info.plist */ = {isa = PBXFileReference; lastKnownFileType = text.plist.xml; path = Info.plist; sourceTree = "<group>"; };
		D18794C7208BD2A800450AAE /* InterGrupo-TestTests.xctest */ = {isa = PBXFileReference; explicitFileType = wrapper.cfbundle; includeInIndex = 0; path = "InterGrupo-TestTests.xctest"; sourceTree = BUILT_PRODUCTS_DIR; };
		D18794CB208BD2A800450AAE /* InterGrupo_TestTests.swift */ = {isa = PBXFileReference; lastKnownFileType = sourcecode.swift; path = InterGrupo_TestTests.swift; sourceTree = "<group>"; };
		D18794CD208BD2A800450AAE /* Info.plist */ = {isa = PBXFileReference; lastKnownFileType = text.plist.xml; path = Info.plist; sourceTree = "<group>"; };
		D18794D2208BD2A800450AAE /* InterGrupo-TestUITests.xctest */ = {isa = PBXFileReference; explicitFileType = wrapper.cfbundle; includeInIndex = 0; path = "InterGrupo-TestUITests.xctest"; sourceTree = BUILT_PRODUCTS_DIR; };
		D18794D6208BD2A800450AAE /* InterGrupo_TestUITests.swift */ = {isa = PBXFileReference; lastKnownFileType = sourcecode.swift; path = InterGrupo_TestUITests.swift; sourceTree = "<group>"; };
		D18794D8208BD2A800450AAE /* Info.plist */ = {isa = PBXFileReference; lastKnownFileType = text.plist.xml; path = Info.plist; sourceTree = "<group>"; };
		D1DCA7E5D081E8DBE4761F99 /* Pods-InterGrupo-Test.release.xcconfig */ = {isa = PBXFileReference; includeInIndex = 1; lastKnownFileType = text.xcconfig; name = "Pods-InterGrupo-Test.release.xcconfig"; path = "Pods/Target Support Files/Pods-InterGrupo-Test/Pods-InterGrupo-Test.release.xcconfig"; sourceTree = "<group>"; };
		D1FF67D6208BD6D800BDCEDC /* Constants.swift */ = {isa = PBXFileReference; lastKnownFileType = sourcecode.swift; path = Constants.swift; sourceTree = "<group>"; };
		D1FF67D8208BD74600BDCEDC /* WSLogin.swift */ = {isa = PBXFileReference; lastKnownFileType = sourcecode.swift; path = WSLogin.swift; sourceTree = "<group>"; };
		D1FF67DB208BDA9700BDCEDC /* LoginVC.swift */ = {isa = PBXFileReference; lastKnownFileType = sourcecode.swift; path = LoginVC.swift; sourceTree = "<group>"; };
		D1FF67DE208BDACF00BDCEDC /* LoginPresenter.swift */ = {isa = PBXFileReference; lastKnownFileType = sourcecode.swift; path = LoginPresenter.swift; sourceTree = "<group>"; };
		D1FF67E1208BDBFA00BDCEDC /* User.swift */ = {isa = PBXFileReference; lastKnownFileType = sourcecode.swift; path = User.swift; sourceTree = "<group>"; };
		D1FF67E3208BFA5300BDCEDC /* UserManagement.swift */ = {isa = PBXFileReference; lastKnownFileType = sourcecode.swift; path = UserManagement.swift; sourceTree = "<group>"; };
		D1FF67E6208C063800BDCEDC /* Prospect.storyboard */ = {isa = PBXFileReference; lastKnownFileType = file.storyboard; path = Prospect.storyboard; sourceTree = "<group>"; };
		D1FF67E8208C078000BDCEDC /* ListProspectVC.swift */ = {isa = PBXFileReference; lastKnownFileType = sourcecode.swift; path = ListProspectVC.swift; sourceTree = "<group>"; };
		D1FF67EB208C09FB00BDCEDC /* CoreDataManager.swift */ = {isa = PBXFileReference; fileEncoding = 4; lastKnownFileType = sourcecode.swift; path = CoreDataManager.swift; sourceTree = "<group>"; };
		D1FF67ED208C0B3900BDCEDC /* WSProspect.swift */ = {isa = PBXFileReference; lastKnownFileType = sourcecode.swift; path = WSProspect.swift; sourceTree = "<group>"; };
		D1FF67EF208C0D8000BDCEDC /* PropectPresenter.swift */ = {isa = PBXFileReference; lastKnownFileType = sourcecode.swift; path = PropectPresenter.swift; sourceTree = "<group>"; };
		D1FF680E208C31C500BDCEDC /* ProspectTableViewCell.swift */ = {isa = PBXFileReference; lastKnownFileType = sourcecode.swift; path = ProspectTableViewCell.swift; sourceTree = "<group>"; };
		D1FF680F208C31C500BDCEDC /* ProspectTableViewCell.xib */ = {isa = PBXFileReference; lastKnownFileType = file.xib; path = ProspectTableViewCell.xib; sourceTree = "<group>"; };
		F0E2D0443901123D38CC413B /* Pods_InterGrupo_TestUITests.framework */ = {isa = PBXFileReference; explicitFileType = wrapper.framework; includeInIndex = 0; path = Pods_InterGrupo_TestUITests.framework; sourceTree = BUILT_PRODUCTS_DIR; };
/* End PBXFileReference section */

/* Begin PBXFrameworksBuildPhase section */
		D18794AD208BD2A600450AAE /* Frameworks */ = {
			isa = PBXFrameworksBuildPhase;
			buildActionMask = 2147483647;
			files = (
				E614B8E8176CEA824F57B539 /* Pods_InterGrupo_Test.framework in Frameworks */,
			);
			runOnlyForDeploymentPostprocessing = 0;
		};
		D18794C4208BD2A800450AAE /* Frameworks */ = {
			isa = PBXFrameworksBuildPhase;
			buildActionMask = 2147483647;
			files = (
				C961E2508BC5D5F7C9207E52 /* Pods_InterGrupo_TestTests.framework in Frameworks */,
			);
			runOnlyForDeploymentPostprocessing = 0;
		};
		D18794CF208BD2A800450AAE /* Frameworks */ = {
			isa = PBXFrameworksBuildPhase;
			buildActionMask = 2147483647;
			files = (
				E8C578E8C52B2C0240EE7DF0 /* Pods_InterGrupo_TestUITests.framework in Frameworks */,
			);
			runOnlyForDeploymentPostprocessing = 0;
		};
/* End PBXFrameworksBuildPhase section */

/* Begin PBXGroup section */
		8FD12FC099550C65521C7E10 /* Pods */ = {
			isa = PBXGroup;
			children = (
				12B9A6793C322B40CECFCDF9 /* Pods-InterGrupo-Test.debug.xcconfig */,
				D1DCA7E5D081E8DBE4761F99 /* Pods-InterGrupo-Test.release.xcconfig */,
				0D0910D9F7852137640E9C34 /* Pods-InterGrupo-TestTests.debug.xcconfig */,
				454AD4490A54A6968BE3354F /* Pods-InterGrupo-TestTests.release.xcconfig */,
				4F2315044FB3BA5B9B79436E /* Pods-InterGrupo-TestUITests.debug.xcconfig */,
				5724FBC727499D74E56311DC /* Pods-InterGrupo-TestUITests.release.xcconfig */,
			);
			name = Pods;
			sourceTree = "<group>";
		};
		967D627D94B62CA0335DCF02 /* Frameworks */ = {
			isa = PBXGroup;
			children = (
				4F08DDC00AD3313067058518 /* Pods_InterGrupo_Test.framework */,
				2CCFA2B6217B8988F2DD41DF /* Pods_InterGrupo_TestTests.framework */,
				F0E2D0443901123D38CC413B /* Pods_InterGrupo_TestUITests.framework */,
			);
			name = Frameworks;
			sourceTree = "<group>";
		};
		D116FD4F208CEEAC005A5578 /* Menu */ = {
			isa = PBXGroup;
			children = (
				D116FD54208CF2C8005A5578 /* Cell */,
				D116FD50208CEEBE005A5578 /* LeftMenuVC.swift */,
				D116FD52208CEEC7005A5578 /* DrawerVisualStateManager.swift */,
				D116FD4D208CEEA9005A5578 /* MenuItem.swift */,
			);
			path = Menu;
			sourceTree = "<group>";
		};
		D116FD54208CF2C8005A5578 /* Cell */ = {
			isa = PBXGroup;
			children = (
				D116FD55208CF2EB005A5578 /* LeftMenuTableViewCell.swift */,
			);
			path = Cell;
			sourceTree = "<group>";
		};
		D18794A7208BD2A600450AAE = {
			isa = PBXGroup;
			children = (
				D18794B2208BD2A600450AAE /* InterGrupo-Test */,
				D18794CA208BD2A800450AAE /* InterGrupo-TestTests */,
				D18794D5208BD2A800450AAE /* InterGrupo-TestUITests */,
				D18794B1208BD2A600450AAE /* Products */,
				8FD12FC099550C65521C7E10 /* Pods */,
				967D627D94B62CA0335DCF02 /* Frameworks */,
			);
			sourceTree = "<group>";
		};
		D18794B1208BD2A600450AAE /* Products */ = {
			isa = PBXGroup;
			children = (
				D18794B0208BD2A600450AAE /* InterGrupo-Test.app */,
				D18794C7208BD2A800450AAE /* InterGrupo-TestTests.xctest */,
				D18794D2208BD2A800450AAE /* InterGrupo-TestUITests.xctest */,
			);
			name = Products;
			sourceTree = "<group>";
		};
		D18794B2208BD2A600450AAE /* InterGrupo-Test */ = {
			isa = PBXGroup;
			children = (
				D1FF67EA208C09E200BDCEDC /* CoreData */,
				D1FF67E0208BDBEB00BDCEDC /* Model */,
				D1FF67DD208BDAB800BDCEDC /* Presenters */,
				D1FF67DA208BDA7C00BDCEDC /* ViewControllers */,
				D1FF67D5208BD6C200BDCEDC /* Helpers */,
				D18794E4208BD69800450AAE /* Restful */,
				D18794B3208BD2A600450AAE /* AppDelegate.swift */,
				D18794BD208BD2A800450AAE /* Assets.xcassets */,
				D18794BF208BD2A800450AAE /* LaunchScreen.storyboard */,
				D18794C2208BD2A800450AAE /* Info.plist */,
			);
			path = "InterGrupo-Test";
			sourceTree = "<group>";
		};
		D18794CA208BD2A800450AAE /* InterGrupo-TestTests */ = {
			isa = PBXGroup;
			children = (
				D18794CB208BD2A800450AAE /* InterGrupo_TestTests.swift */,
				D18794CD208BD2A800450AAE /* Info.plist */,
			);
			path = "InterGrupo-TestTests";
			sourceTree = "<group>";
		};
		D18794D5208BD2A800450AAE /* InterGrupo-TestUITests */ = {
			isa = PBXGroup;
			children = (
				D18794D6208BD2A800450AAE /* InterGrupo_TestUITests.swift */,
				D18794D8208BD2A800450AAE /* Info.plist */,
			);
			path = "InterGrupo-TestUITests";
			sourceTree = "<group>";
		};
		D18794E4208BD69800450AAE /* Restful */ = {
			isa = PBXGroup;
			children = (
				D1FF67D8208BD74600BDCEDC /* WSLogin.swift */,
				D1FF67ED208C0B3900BDCEDC /* WSProspect.swift */,
			);
			path = Restful;
			sourceTree = "<group>";
		};
		D1FF67D5208BD6C200BDCEDC /* Helpers */ = {
			isa = PBXGroup;
			children = (
				D1FF67D6208BD6D800BDCEDC /* Constants.swift */,
				D1FF67E3208BFA5300BDCEDC /* UserManagement.swift */,
			);
			path = Helpers;
			sourceTree = "<group>";
		};
		D1FF67DA208BDA7C00BDCEDC /* ViewControllers */ = {
			isa = PBXGroup;
			children = (
				D116FD57208CF56D005A5578 /* BaseCenterVC.swift */,
				D116FD4F208CEEAC005A5578 /* Menu */,
				D1FF680D208C31AB00BDCEDC /* Cell */,
				D1FF67E5208C05F800BDCEDC /* Storyboards */,
				D1FF67DB208BDA9700BDCEDC /* LoginVC.swift */,
				D1FF67E8208C078000BDCEDC /* ListProspectVC.swift */,
			);
			path = ViewControllers;
			sourceTree = "<group>";
		};
		D1FF67DD208BDAB800BDCEDC /* Presenters */ = {
			isa = PBXGroup;
			children = (
				D1FF67DE208BDACF00BDCEDC /* LoginPresenter.swift */,
				D1FF67EF208C0D8000BDCEDC /* PropectPresenter.swift */,
			);
			path = Presenters;
			sourceTree = "<group>";
		};
		D1FF67E0208BDBEB00BDCEDC /* Model */ = {
			isa = PBXGroup;
			children = (
				D1FF67E1208BDBFA00BDCEDC /* User.swift */,
			);
			path = Model;
			sourceTree = "<group>";
		};
		D1FF67E5208C05F800BDCEDC /* Storyboards */ = {
			isa = PBXGroup;
			children = (
				D18794B7208BD2A700450AAE /* Login.storyboard */,
				D1FF67E6208C063800BDCEDC /* Prospect.storyboard */,
			);
			path = Storyboards;
			sourceTree = "<group>";
		};
		D1FF67EA208C09E200BDCEDC /* CoreData */ = {
			isa = PBXGroup;
			children = (
				D18794BA208BD2A700450AAE /* InterGrupo_Test.xcdatamodeld */,
				D1FF67EB208C09FB00BDCEDC /* CoreDataManager.swift */,
			);
			path = CoreData;
			sourceTree = "<group>";
		};
		D1FF680D208C31AB00BDCEDC /* Cell */ = {
			isa = PBXGroup;
			children = (
				D1FF680E208C31C500BDCEDC /* ProspectTableViewCell.swift */,
				D1FF680F208C31C500BDCEDC /* ProspectTableViewCell.xib */,
			);
			path = Cell;
			sourceTree = "<group>";
		};
/* End PBXGroup section */

/* Begin PBXNativeTarget section */
		D18794AF208BD2A600450AAE /* InterGrupo-Test */ = {
			isa = PBXNativeTarget;
			buildConfigurationList = D18794DB208BD2A800450AAE /* Build configuration list for PBXNativeTarget "InterGrupo-Test" */;
			buildPhases = (
				A5C9E184DFE55204F81961F7 /* [CP] Check Pods Manifest.lock */,
				D18794AC208BD2A600450AAE /* Sources */,
				D18794AD208BD2A600450AAE /* Frameworks */,
				D18794AE208BD2A600450AAE /* Resources */,
				84B8DE1AD61719AAE9565747 /* [CP] Embed Pods Frameworks */,
				EF72D2A1067248E988F07170 /* [CP] Copy Pods Resources */,
			);
			buildRules = (
			);
			dependencies = (
			);
			name = "InterGrupo-Test";
			productName = "InterGrupo-Test";
			productReference = D18794B0208BD2A600450AAE /* InterGrupo-Test.app */;
			productType = "com.apple.product-type.application";
		};
		D18794C6208BD2A800450AAE /* InterGrupo-TestTests */ = {
			isa = PBXNativeTarget;
			buildConfigurationList = D18794DE208BD2A800450AAE /* Build configuration list for PBXNativeTarget "InterGrupo-TestTests" */;
			buildPhases = (
				A8D5F5519E02E323B7B9BF1E /* [CP] Check Pods Manifest.lock */,
				D18794C3208BD2A800450AAE /* Sources */,
				D18794C4208BD2A800450AAE /* Frameworks */,
				D18794C5208BD2A800450AAE /* Resources */,
				16FCFA0BA7381D3A977E6157 /* [CP] Embed Pods Frameworks */,
				169F7EEAA6B6618694FA82DB /* [CP] Copy Pods Resources */,
			);
			buildRules = (
			);
			dependencies = (
				D18794C9208BD2A800450AAE /* PBXTargetDependency */,
			);
			name = "InterGrupo-TestTests";
			productName = "InterGrupo-TestTests";
			productReference = D18794C7208BD2A800450AAE /* InterGrupo-TestTests.xctest */;
			productType = "com.apple.product-type.bundle.unit-test";
		};
		D18794D1208BD2A800450AAE /* InterGrupo-TestUITests */ = {
			isa = PBXNativeTarget;
			buildConfigurationList = D18794E1208BD2A800450AAE /* Build configuration list for PBXNativeTarget "InterGrupo-TestUITests" */;
			buildPhases = (
				8F93020F56E855165E744CF5 /* [CP] Check Pods Manifest.lock */,
				D18794CE208BD2A800450AAE /* Sources */,
				D18794CF208BD2A800450AAE /* Frameworks */,
				D18794D0208BD2A800450AAE /* Resources */,
				BC98A01FB669BFF2C5B7168E /* [CP] Embed Pods Frameworks */,
				F8F7FE084905C071CA282D8C /* [CP] Copy Pods Resources */,
			);
			buildRules = (
			);
			dependencies = (
				D18794D4208BD2A800450AAE /* PBXTargetDependency */,
			);
			name = "InterGrupo-TestUITests";
			productName = "InterGrupo-TestUITests";
			productReference = D18794D2208BD2A800450AAE /* InterGrupo-TestUITests.xctest */;
			productType = "com.apple.product-type.bundle.ui-testing";
		};
/* End PBXNativeTarget section */

/* Begin PBXProject section */
		D18794A8208BD2A600450AAE /* Project object */ = {
			isa = PBXProject;
			attributes = {
				LastSwiftUpdateCheck = 0930;
				LastUpgradeCheck = 0930;
				ORGANIZATIONNAME = "carlos pava";
				TargetAttributes = {
					D18794AF208BD2A600450AAE = {
						CreatedOnToolsVersion = 9.3;
					};
					D18794C6208BD2A800450AAE = {
						CreatedOnToolsVersion = 9.3;
						TestTargetID = D18794AF208BD2A600450AAE;
					};
					D18794D1208BD2A800450AAE = {
						CreatedOnToolsVersion = 9.3;
						TestTargetID = D18794AF208BD2A600450AAE;
					};
				};
			};
			buildConfigurationList = D18794AB208BD2A600450AAE /* Build configuration list for PBXProject "InterGrupo-Test" */;
			compatibilityVersion = "Xcode 9.3";
			developmentRegion = en;
			hasScannedForEncodings = 0;
			knownRegions = (
				en,
				Base,
			);
			mainGroup = D18794A7208BD2A600450AAE;
			productRefGroup = D18794B1208BD2A600450AAE /* Products */;
			projectDirPath = "";
			projectRoot = "";
			targets = (
				D18794AF208BD2A600450AAE /* InterGrupo-Test */,
				D18794C6208BD2A800450AAE /* InterGrupo-TestTests */,
				D18794D1208BD2A800450AAE /* InterGrupo-TestUITests */,
			);
		};
/* End PBXProject section */

/* Begin PBXResourcesBuildPhase section */
		D18794AE208BD2A600450AAE /* Resources */ = {
			isa = PBXResourcesBuildPhase;
			buildActionMask = 2147483647;
			files = (
				D18794C1208BD2A800450AAE /* LaunchScreen.storyboard in Resources */,
				D1FF6811208C31C500BDCEDC /* ProspectTableViewCell.xib in Resources */,
				D18794BE208BD2A800450AAE /* Assets.xcassets in Resources */,
				D1FF67E7208C063800BDCEDC /* Prospect.storyboard in Resources */,
				D18794B9208BD2A700450AAE /* Login.storyboard in Resources */,
			);
			runOnlyForDeploymentPostprocessing = 0;
		};
		D18794C5208BD2A800450AAE /* Resources */ = {
			isa = PBXResourcesBuildPhase;
			buildActionMask = 2147483647;
			files = (
			);
			runOnlyForDeploymentPostprocessing = 0;
		};
		D18794D0208BD2A800450AAE /* Resources */ = {
			isa = PBXResourcesBuildPhase;
			buildActionMask = 2147483647;
			files = (
			);
			runOnlyForDeploymentPostprocessing = 0;
		};
/* End PBXResourcesBuildPhase section */

/* Begin PBXShellScriptBuildPhase section */
		169F7EEAA6B6618694FA82DB /* [CP] Copy Pods Resources */ = {
			isa = PBXShellScriptBuildPhase;
			buildActionMask = 2147483647;
			files = (
			);
			inputPaths = (
			);
			name = "[CP] Copy Pods Resources";
			outputPaths = (
			);
			runOnlyForDeploymentPostprocessing = 0;
			shellPath = /bin/sh;
			shellScript = "\"${SRCROOT}/Pods/Target Support Files/Pods-InterGrupo-TestTests/Pods-InterGrupo-TestTests-resources.sh\"\n";
			showEnvVarsInLog = 0;
		};
		16FCFA0BA7381D3A977E6157 /* [CP] Embed Pods Frameworks */ = {
			isa = PBXShellScriptBuildPhase;
			buildActionMask = 2147483647;
			files = (
			);
			inputPaths = (
			);
			name = "[CP] Embed Pods Frameworks";
			outputPaths = (
			);
			runOnlyForDeploymentPostprocessing = 0;
			shellPath = /bin/sh;
			shellScript = "\"${SRCROOT}/Pods/Target Support Files/Pods-InterGrupo-TestTests/Pods-InterGrupo-TestTests-frameworks.sh\"\n";
			showEnvVarsInLog = 0;
		};
		84B8DE1AD61719AAE9565747 /* [CP] Embed Pods Frameworks */ = {
			isa = PBXShellScriptBuildPhase;
			buildActionMask = 2147483647;
			files = (
			);
			inputPaths = (
				"${SRCROOT}/Pods/Target Support Files/Pods-InterGrupo-Test/Pods-InterGrupo-Test-frameworks.sh",
				"${BUILT_PRODUCTS_DIR}/Alamofire/Alamofire.framework",
				"${BUILT_PRODUCTS_DIR}/DrawerController/DrawerController.framework",
				"${BUILT_PRODUCTS_DIR}/SwiftyJSON/SwiftyJSON.framework",
			);
			name = "[CP] Embed Pods Frameworks";
			outputPaths = (
				"${TARGET_BUILD_DIR}/${FRAMEWORKS_FOLDER_PATH}/Alamofire.framework",
				"${TARGET_BUILD_DIR}/${FRAMEWORKS_FOLDER_PATH}/DrawerController.framework",
				"${TARGET_BUILD_DIR}/${FRAMEWORKS_FOLDER_PATH}/SwiftyJSON.framework",
			);
			runOnlyForDeploymentPostprocessing = 0;
			shellPath = /bin/sh;
			shellScript = "\"${SRCROOT}/Pods/Target Support Files/Pods-InterGrupo-Test/Pods-InterGrupo-Test-frameworks.sh\"\n";
			showEnvVarsInLog = 0;
		};
		8F93020F56E855165E744CF5 /* [CP] Check Pods Manifest.lock */ = {
			isa = PBXShellScriptBuildPhase;
			buildActionMask = 2147483647;
			files = (
			);
			inputPaths = (
				"${PODS_PODFILE_DIR_PATH}/Podfile.lock",
				"${PODS_ROOT}/Manifest.lock",
			);
			name = "[CP] Check Pods Manifest.lock";
			outputPaths = (
				"$(DERIVED_FILE_DIR)/Pods-InterGrupo-TestUITests-checkManifestLockResult.txt",
			);
			runOnlyForDeploymentPostprocessing = 0;
			shellPath = /bin/sh;
			shellScript = "diff \"${PODS_PODFILE_DIR_PATH}/Podfile.lock\" \"${PODS_ROOT}/Manifest.lock\" > /dev/null\nif [ $? != 0 ] ; then\n    # print error to STDERR\n    echo \"error: The sandbox is not in sync with the Podfile.lock. Run 'pod install' or update your CocoaPods installation.\" >&2\n    exit 1\nfi\n# This output is used by Xcode 'outputs' to avoid re-running this script phase.\necho \"SUCCESS\" > \"${SCRIPT_OUTPUT_FILE_0}\"\n";
			showEnvVarsInLog = 0;
		};
		A5C9E184DFE55204F81961F7 /* [CP] Check Pods Manifest.lock */ = {
			isa = PBXShellScriptBuildPhase;
			buildActionMask = 2147483647;
			files = (
			);
			inputPaths = (
				"${PODS_PODFILE_DIR_PATH}/Podfile.lock",
				"${PODS_ROOT}/Manifest.lock",
			);
			name = "[CP] Check Pods Manifest.lock";
			outputPaths = (
				"$(DERIVED_FILE_DIR)/Pods-InterGrupo-Test-checkManifestLockResult.txt",
			);
			runOnlyForDeploymentPostprocessing = 0;
			shellPath = /bin/sh;
			shellScript = "diff \"${PODS_PODFILE_DIR_PATH}/Podfile.lock\" \"${PODS_ROOT}/Manifest.lock\" > /dev/null\nif [ $? != 0 ] ; then\n    # print error to STDERR\n    echo \"error: The sandbox is not in sync with the Podfile.lock. Run 'pod install' or update your CocoaPods installation.\" >&2\n    exit 1\nfi\n# This output is used by Xcode 'outputs' to avoid re-running this script phase.\necho \"SUCCESS\" > \"${SCRIPT_OUTPUT_FILE_0}\"\n";
			showEnvVarsInLog = 0;
		};
		A8D5F5519E02E323B7B9BF1E /* [CP] Check Pods Manifest.lock */ = {
			isa = PBXShellScriptBuildPhase;
			buildActionMask = 2147483647;
			files = (
			);
			inputPaths = (
				"${PODS_PODFILE_DIR_PATH}/Podfile.lock",
				"${PODS_ROOT}/Manifest.lock",
			);
			name = "[CP] Check Pods Manifest.lock";
			outputPaths = (
				"$(DERIVED_FILE_DIR)/Pods-InterGrupo-TestTests-checkManifestLockResult.txt",
			);
			runOnlyForDeploymentPostprocessing = 0;
			shellPath = /bin/sh;
			shellScript = "diff \"${PODS_PODFILE_DIR_PATH}/Podfile.lock\" \"${PODS_ROOT}/Manifest.lock\" > /dev/null\nif [ $? != 0 ] ; then\n    # print error to STDERR\n    echo \"error: The sandbox is not in sync with the Podfile.lock. Run 'pod install' or update your CocoaPods installation.\" >&2\n    exit 1\nfi\n# This output is used by Xcode 'outputs' to avoid re-running this script phase.\necho \"SUCCESS\" > \"${SCRIPT_OUTPUT_FILE_0}\"\n";
			showEnvVarsInLog = 0;
		};
		BC98A01FB669BFF2C5B7168E /* [CP] Embed Pods Frameworks */ = {
			isa = PBXShellScriptBuildPhase;
			buildActionMask = 2147483647;
			files = (
			);
			inputPaths = (
			);
			name = "[CP] Embed Pods Frameworks";
			outputPaths = (
			);
			runOnlyForDeploymentPostprocessing = 0;
			shellPath = /bin/sh;
			shellScript = "\"${SRCROOT}/Pods/Target Support Files/Pods-InterGrupo-TestUITests/Pods-InterGrupo-TestUITests-frameworks.sh\"\n";
			showEnvVarsInLog = 0;
		};
		EF72D2A1067248E988F07170 /* [CP] Copy Pods Resources */ = {
			isa = PBXShellScriptBuildPhase;
			buildActionMask = 2147483647;
			files = (
			);
			inputPaths = (
			);
			name = "[CP] Copy Pods Resources";
			outputPaths = (
			);
			runOnlyForDeploymentPostprocessing = 0;
			shellPath = /bin/sh;
			shellScript = "\"${SRCROOT}/Pods/Target Support Files/Pods-InterGrupo-Test/Pods-InterGrupo-Test-resources.sh\"\n";
			showEnvVarsInLog = 0;
		};
		F8F7FE084905C071CA282D8C /* [CP] Copy Pods Resources */ = {
			isa = PBXShellScriptBuildPhase;
			buildActionMask = 2147483647;
			files = (
			);
			inputPaths = (
			);
			name = "[CP] Copy Pods Resources";
			outputPaths = (
			);
			runOnlyForDeploymentPostprocessing = 0;
			shellPath = /bin/sh;
			shellScript = "\"${SRCROOT}/Pods/Target Support Files/Pods-InterGrupo-TestUITests/Pods-InterGrupo-TestUITests-resources.sh\"\n";
			showEnvVarsInLog = 0;
		};
/* End PBXShellScriptBuildPhase section */

/* Begin PBXSourcesBuildPhase section */
		D18794AC208BD2A600450AAE /* Sources */ = {
			isa = PBXSourcesBuildPhase;
			buildActionMask = 2147483647;
			files = (
				D1FF67DF208BDACF00BDCEDC /* LoginPresenter.swift in Sources */,
				D116FD53208CEEC7005A5578 /* DrawerVisualStateManager.swift in Sources */,
				D18794BC208BD2A700450AAE /* InterGrupo_Test.xcdatamodeld in Sources */,
				D1FF67EC208C09FB00BDCEDC /* CoreDataManager.swift in Sources */,
				D18794B4208BD2A600450AAE /* AppDelegate.swift in Sources */,
				D1FF67E4208BFA5300BDCEDC /* UserManagement.swift in Sources */,
				D1FF67D9208BD74600BDCEDC /* WSLogin.swift in Sources */,
				D1FF67D7208BD6D800BDCEDC /* Constants.swift in Sources */,
				D116FD4E208CEEA9005A5578 /* MenuItem.swift in Sources */,
				D1FF67DC208BDA9700BDCEDC /* LoginVC.swift in Sources */,
				D1FF67E9208C078000BDCEDC /* ListProspectVC.swift in Sources */,
				D1FF67EE208C0B3900BDCEDC /* WSProspect.swift in Sources */,
				D116FD58208CF56D005A5578 /* BaseCenterVC.swift in Sources */,
				D116FD51208CEEBE005A5578 /* LeftMenuVC.swift in Sources */,
				D1FF67F0208C0D8000BDCEDC /* PropectPresenter.swift in Sources */,
				D116FD56208CF2EB005A5578 /* LeftMenuTableViewCell.swift in Sources */,
				D1FF6810208C31C500BDCEDC /* ProspectTableViewCell.swift in Sources */,
				D1FF67E2208BDBFA00BDCEDC /* User.swift in Sources */,
			);
			runOnlyForDeploymentPostprocessing = 0;
		};
		D18794C3208BD2A800450AAE /* Sources */ = {
			isa = PBXSourcesBuildPhase;
			buildActionMask = 2147483647;
			files = (
				D18794CC208BD2A800450AAE /* InterGrupo_TestTests.swift in Sources */,
			);
			runOnlyForDeploymentPostprocessing = 0;
		};
		D18794CE208BD2A800450AAE /* Sources */ = {
			isa = PBXSourcesBuildPhase;
			buildActionMask = 2147483647;
			files = (
				D18794D7208BD2A800450AAE /* InterGrupo_TestUITests.swift in Sources */,
			);
			runOnlyForDeploymentPostprocessing = 0;
		};
/* End PBXSourcesBuildPhase section */

/* Begin PBXTargetDependency section */
		D18794C9208BD2A800450AAE /* PBXTargetDependency */ = {
			isa = PBXTargetDependency;
			target = D18794AF208BD2A600450AAE /* InterGrupo-Test */;
			targetProxy = D18794C8208BD2A800450AAE /* PBXContainerItemProxy */;
		};
		D18794D4208BD2A800450AAE /* PBXTargetDependency */ = {
			isa = PBXTargetDependency;
			target = D18794AF208BD2A600450AAE /* InterGrupo-Test */;
			targetProxy = D18794D3208BD2A800450AAE /* PBXContainerItemProxy */;
		};
/* End PBXTargetDependency section */

/* Begin PBXVariantGroup section */
		D18794B7208BD2A700450AAE /* Login.storyboard */ = {
			isa = PBXVariantGroup;
			children = (
				D18794B8208BD2A700450AAE /* Base */,
			);
			name = Login.storyboard;
			sourceTree = "<group>";
		};
		D18794BF208BD2A800450AAE /* LaunchScreen.storyboard */ = {
			isa = PBXVariantGroup;
			children = (
				D18794C0208BD2A800450AAE /* Base */,
			);
			name = LaunchScreen.storyboard;
			sourceTree = "<group>";
		};
/* End PBXVariantGroup section */

/* Begin XCBuildConfiguration section */
		D18794D9208BD2A800450AAE /* Debug */ = {
			isa = XCBuildConfiguration;
			buildSettings = {
				ALWAYS_SEARCH_USER_PATHS = NO;
				CLANG_ANALYZER_NONNULL = YES;
				CLANG_ANALYZER_NUMBER_OBJECT_CONVERSION = YES_AGGRESSIVE;
				CLANG_CXX_LANGUAGE_STANDARD = "gnu++14";
				CLANG_CXX_LIBRARY = "libc++";
				CLANG_ENABLE_MODULES = YES;
				CLANG_ENABLE_OBJC_ARC = YES;
				CLANG_ENABLE_OBJC_WEAK = YES;
				CLANG_WARN_BLOCK_CAPTURE_AUTORELEASING = YES;
				CLANG_WARN_BOOL_CONVERSION = YES;
				CLANG_WARN_COMMA = YES;
				CLANG_WARN_CONSTANT_CONVERSION = YES;
				CLANG_WARN_DEPRECATED_OBJC_IMPLEMENTATIONS = YES;
				CLANG_WARN_DIRECT_OBJC_ISA_USAGE = YES_ERROR;
				CLANG_WARN_DOCUMENTATION_COMMENTS = YES;
				CLANG_WARN_EMPTY_BODY = YES;
				CLANG_WARN_ENUM_CONVERSION = YES;
				CLANG_WARN_INFINITE_RECURSION = YES;
				CLANG_WARN_INT_CONVERSION = YES;
				CLANG_WARN_NON_LITERAL_NULL_CONVERSION = YES;
				CLANG_WARN_OBJC_IMPLICIT_RETAIN_SELF = YES;
				CLANG_WARN_OBJC_LITERAL_CONVERSION = YES;
				CLANG_WARN_OBJC_ROOT_CLASS = YES_ERROR;
				CLANG_WARN_RANGE_LOOP_ANALYSIS = YES;
				CLANG_WARN_STRICT_PROTOTYPES = YES;
				CLANG_WARN_SUSPICIOUS_MOVE = YES;
				CLANG_WARN_UNGUARDED_AVAILABILITY = YES_AGGRESSIVE;
				CLANG_WARN_UNREACHABLE_CODE = YES;
				CLANG_WARN__DUPLICATE_METHOD_MATCH = YES;
				CODE_SIGN_IDENTITY = "iPhone Developer";
				COPY_PHASE_STRIP = NO;
				DEBUG_INFORMATION_FORMAT = dwarf;
				ENABLE_STRICT_OBJC_MSGSEND = YES;
				ENABLE_TESTABILITY = YES;
				GCC_C_LANGUAGE_STANDARD = gnu11;
				GCC_DYNAMIC_NO_PIC = NO;
				GCC_NO_COMMON_BLOCKS = YES;
				GCC_OPTIMIZATION_LEVEL = 0;
				GCC_PREPROCESSOR_DEFINITIONS = (
					"DEBUG=1",
					"$(inherited)",
				);
				GCC_WARN_64_TO_32_BIT_CONVERSION = YES;
				GCC_WARN_ABOUT_RETURN_TYPE = YES_ERROR;
				GCC_WARN_UNDECLARED_SELECTOR = YES;
				GCC_WARN_UNINITIALIZED_AUTOS = YES_AGGRESSIVE;
				GCC_WARN_UNUSED_FUNCTION = YES;
				GCC_WARN_UNUSED_VARIABLE = YES;
				IPHONEOS_DEPLOYMENT_TARGET = 11.3;
				MTL_ENABLE_DEBUG_INFO = YES;
				ONLY_ACTIVE_ARCH = YES;
				SDKROOT = iphoneos;
				SWIFT_ACTIVE_COMPILATION_CONDITIONS = DEBUG;
				SWIFT_OPTIMIZATION_LEVEL = "-Onone";
			};
			name = Debug;
		};
		D18794DA208BD2A800450AAE /* Release */ = {
			isa = XCBuildConfiguration;
			buildSettings = {
				ALWAYS_SEARCH_USER_PATHS = NO;
				CLANG_ANALYZER_NONNULL = YES;
				CLANG_ANALYZER_NUMBER_OBJECT_CONVERSION = YES_AGGRESSIVE;
				CLANG_CXX_LANGUAGE_STANDARD = "gnu++14";
				CLANG_CXX_LIBRARY = "libc++";
				CLANG_ENABLE_MODULES = YES;
				CLANG_ENABLE_OBJC_ARC = YES;
				CLANG_ENABLE_OBJC_WEAK = YES;
				CLANG_WARN_BLOCK_CAPTURE_AUTORELEASING = YES;
				CLANG_WARN_BOOL_CONVERSION = YES;
				CLANG_WARN_COMMA = YES;
				CLANG_WARN_CONSTANT_CONVERSION = YES;
				CLANG_WARN_DEPRECATED_OBJC_IMPLEMENTATIONS = YES;
				CLANG_WARN_DIRECT_OBJC_ISA_USAGE = YES_ERROR;
				CLANG_WARN_DOCUMENTATION_COMMENTS = YES;
				CLANG_WARN_EMPTY_BODY = YES;
				CLANG_WARN_ENUM_CONVERSION = YES;
				CLANG_WARN_INFINITE_RECURSION = YES;
				CLANG_WARN_INT_CONVERSION = YES;
				CLANG_WARN_NON_LITERAL_NULL_CONVERSION = YES;
				CLANG_WARN_OBJC_IMPLICIT_RETAIN_SELF = YES;
				CLANG_WARN_OBJC_LITERAL_CONVERSION = YES;
				CLANG_WARN_OBJC_ROOT_CLASS = YES_ERROR;
				CLANG_WARN_RANGE_LOOP_ANALYSIS = YES;
				CLANG_WARN_STRICT_PROTOTYPES = YES;
				CLANG_WARN_SUSPICIOUS_MOVE = YES;
				CLANG_WARN_UNGUARDED_AVAILABILITY = YES_AGGRESSIVE;
				CLANG_WARN_UNREACHABLE_CODE = YES;
				CLANG_WARN__DUPLICATE_METHOD_MATCH = YES;
				CODE_SIGN_IDENTITY = "iPhone Developer";
				COPY_PHASE_STRIP = NO;
				DEBUG_INFORMATION_FORMAT = "dwarf-with-dsym";
				ENABLE_NS_ASSERTIONS = NO;
				ENABLE_STRICT_OBJC_MSGSEND = YES;
				GCC_C_LANGUAGE_STANDARD = gnu11;
				GCC_NO_COMMON_BLOCKS = YES;
				GCC_WARN_64_TO_32_BIT_CONVERSION = YES;
				GCC_WARN_ABOUT_RETURN_TYPE = YES_ERROR;
				GCC_WARN_UNDECLARED_SELECTOR = YES;
				GCC_WARN_UNINITIALIZED_AUTOS = YES_AGGRESSIVE;
				GCC_WARN_UNUSED_FUNCTION = YES;
				GCC_WARN_UNUSED_VARIABLE = YES;
				IPHONEOS_DEPLOYMENT_TARGET = 11.3;
				MTL_ENABLE_DEBUG_INFO = NO;
				SDKROOT = iphoneos;
				SWIFT_COMPILATION_MODE = wholemodule;
				SWIFT_OPTIMIZATION_LEVEL = "-O";
				VALIDATE_PRODUCT = YES;
			};
			name = Release;
		};
		D18794DC208BD2A800450AAE /* Debug */ = {
			isa = XCBuildConfiguration;
			baseConfigurationReference = 12B9A6793C322B40CECFCDF9 /* Pods-InterGrupo-Test.debug.xcconfig */;
			buildSettings = {
				ASSETCATALOG_COMPILER_APPICON_NAME = AppIcon;
				CODE_SIGN_STYLE = Automatic;
				INFOPLIST_FILE = "InterGrupo-Test/Info.plist";
				LD_RUNPATH_SEARCH_PATHS = (
					"$(inherited)",
					"@executable_path/Frameworks",
				);
				PRODUCT_BUNDLE_IDENTIFIER = "com.carlospava.InterGrupo-Test";
				PRODUCT_NAME = "$(TARGET_NAME)";
				SWIFT_VERSION = 4.0;
				TARGETED_DEVICE_FAMILY = "1,2";
			};
			name = Debug;
		};
		D18794DD208BD2A800450AAE /* Release */ = {
			isa = XCBuildConfiguration;
			baseConfigurationReference = D1DCA7E5D081E8DBE4761F99 /* Pods-InterGrupo-Test.release.xcconfig */;
			buildSettings = {
				ASSETCATALOG_COMPILER_APPICON_NAME = AppIcon;
				CODE_SIGN_STYLE = Automatic;
				INFOPLIST_FILE = "InterGrupo-Test/Info.plist";
				LD_RUNPATH_SEARCH_PATHS = (
					"$(inherited)",
					"@executable_path/Frameworks",
				);
				PRODUCT_BUNDLE_IDENTIFIER = "com.carlospava.InterGrupo-Test";
				PRODUCT_NAME = "$(TARGET_NAME)";
				SWIFT_VERSION = 4.0;
				TARGETED_DEVICE_FAMILY = "1,2";
			};
			name = Release;
		};
		D18794DF208BD2A800450AAE /* Debug */ = {
			isa = XCBuildConfiguration;
			baseConfigurationReference = 0D0910D9F7852137640E9C34 /* Pods-InterGrupo-TestTests.debug.xcconfig */;
			buildSettings = {
				ALWAYS_EMBED_SWIFT_STANDARD_LIBRARIES = YES;
				BUNDLE_LOADER = "$(TEST_HOST)";
				CODE_SIGN_STYLE = Automatic;
				INFOPLIST_FILE = "InterGrupo-TestTests/Info.plist";
				LD_RUNPATH_SEARCH_PATHS = (
					"$(inherited)",
					"@executable_path/Frameworks",
					"@loader_path/Frameworks",
				);
				PRODUCT_BUNDLE_IDENTIFIER = "com.carlospava.InterGrupo-TestTests";
				PRODUCT_NAME = "$(TARGET_NAME)";
				SWIFT_VERSION = 4.0;
				TARGETED_DEVICE_FAMILY = "1,2";
				TEST_HOST = "$(BUILT_PRODUCTS_DIR)/InterGrupo-Test.app/InterGrupo-Test";
			};
			name = Debug;
		};
		D18794E0208BD2A800450AAE /* Release */ = {
			isa = XCBuildConfiguration;
			baseConfigurationReference = 454AD4490A54A6968BE3354F /* Pods-InterGrupo-TestTests.release.xcconfig */;
			buildSettings = {
				ALWAYS_EMBED_SWIFT_STANDARD_LIBRARIES = YES;
				BUNDLE_LOADER = "$(TEST_HOST)";
				CODE_SIGN_STYLE = Automatic;
				INFOPLIST_FILE = "InterGrupo-TestTests/Info.plist";
				LD_RUNPATH_SEARCH_PATHS = (
					"$(inherited)",
					"@executable_path/Frameworks",
					"@loader_path/Frameworks",
				);
				PRODUCT_BUNDLE_IDENTIFIER = "com.carlospava.InterGrupo-TestTests";
				PRODUCT_NAME = "$(TARGET_NAME)";
				SWIFT_VERSION = 4.0;
				TARGETED_DEVICE_FAMILY = "1,2";
				TEST_HOST = "$(BUILT_PRODUCTS_DIR)/InterGrupo-Test.app/InterGrupo-Test";
			};
			name = Release;
		};
		D18794E2208BD2A800450AAE /* Debug */ = {
			isa = XCBuildConfiguration;
			baseConfigurationReference = 4F2315044FB3BA5B9B79436E /* Pods-InterGrupo-TestUITests.debug.xcconfig */;
			buildSettings = {
				ALWAYS_EMBED_SWIFT_STANDARD_LIBRARIES = YES;
				CODE_SIGN_STYLE = Automatic;
				INFOPLIST_FILE = "InterGrupo-TestUITests/Info.plist";
				LD_RUNPATH_SEARCH_PATHS = (
					"$(inherited)",
					"@executable_path/Frameworks",
					"@loader_path/Frameworks",
				);
				PRODUCT_BUNDLE_IDENTIFIER = "com.carlospava.InterGrupo-TestUITests";
				PRODUCT_NAME = "$(TARGET_NAME)";
				SWIFT_VERSION = 4.0;
				TARGETED_DEVICE_FAMILY = "1,2";
				TEST_TARGET_NAME = "InterGrupo-Test";
			};
			name = Debug;
		};
		D18794E3208BD2A800450AAE /* Release */ = {
			isa = XCBuildConfiguration;
			baseConfigurationReference = 5724FBC727499D74E56311DC /* Pods-InterGrupo-TestUITests.release.xcconfig */;
			buildSettings = {
				ALWAYS_EMBED_SWIFT_STANDARD_LIBRARIES = YES;
				CODE_SIGN_STYLE = Automatic;
				INFOPLIST_FILE = "InterGrupo-TestUITests/Info.plist";
				LD_RUNPATH_SEARCH_PATHS = (
					"$(inherited)",
					"@executable_path/Frameworks",
					"@loader_path/Frameworks",
				);
				PRODUCT_BUNDLE_IDENTIFIER = "com.carlospava.InterGrupo-TestUITests";
				PRODUCT_NAME = "$(TARGET_NAME)";
				SWIFT_VERSION = 4.0;
				TARGETED_DEVICE_FAMILY = "1,2";
				TEST_TARGET_NAME = "InterGrupo-Test";
			};
			name = Release;
		};
/* End XCBuildConfiguration section */

/* Begin XCConfigurationList section */
		D18794AB208BD2A600450AAE /* Build configuration list for PBXProject "InterGrupo-Test" */ = {
			isa = XCConfigurationList;
			buildConfigurations = (
				D18794D9208BD2A800450AAE /* Debug */,
				D18794DA208BD2A800450AAE /* Release */,
			);
			defaultConfigurationIsVisible = 0;
			defaultConfigurationName = Release;
		};
		D18794DB208BD2A800450AAE /* Build configuration list for PBXNativeTarget "InterGrupo-Test" */ = {
			isa = XCConfigurationList;
			buildConfigurations = (
				D18794DC208BD2A800450AAE /* Debug */,
				D18794DD208BD2A800450AAE /* Release */,
			);
			defaultConfigurationIsVisible = 0;
			defaultConfigurationName = Release;
		};
		D18794DE208BD2A800450AAE /* Build configuration list for PBXNativeTarget "InterGrupo-TestTests" */ = {
			isa = XCConfigurationList;
			buildConfigurations = (
				D18794DF208BD2A800450AAE /* Debug */,
				D18794E0208BD2A800450AAE /* Release */,
			);
			defaultConfigurationIsVisible = 0;
			defaultConfigurationName = Release;
		};
		D18794E1208BD2A800450AAE /* Build configuration list for PBXNativeTarget "InterGrupo-TestUITests" */ = {
			isa = XCConfigurationList;
			buildConfigurations = (
				D18794E2208BD2A800450AAE /* Debug */,
				D18794E3208BD2A800450AAE /* Release */,
			);
			defaultConfigurationIsVisible = 0;
			defaultConfigurationName = Release;
		};
/* End XCConfigurationList section */

/* Begin XCVersionGroup section */
		D18794BA208BD2A700450AAE /* InterGrupo_Test.xcdatamodeld */ = {
			isa = XCVersionGroup;
			children = (
				D18794BB208BD2A700450AAE /* InterGrupo_Test.xcdatamodel */,
			);
			currentVersion = D18794BB208BD2A700450AAE /* InterGrupo_Test.xcdatamodel */;
			path = InterGrupo_Test.xcdatamodeld;
			sourceTree = "<group>";
			versionGroupType = wrapper.xcdatamodel;
		};
/* End XCVersionGroup section */
	};
	rootObject = D18794A8208BD2A600450AAE /* Project object */;
}
